
Microsoft Visual Studio Solution File, Format Version 12.00
# Visual Studio Version 16
VisualStudioVersion = 16.0.29920.165
MinimumVisualStudioVersion = 10.0.40219.1
Project("{8BC9CEB8-8B4A-11D0-8D11-00A0C91BC942}") = "COSC363_Assignment1", "COSC363_Assignment1\COSC363_Assignment1.vcxproj", "{97B1BF37-ABFA-4EE2-B639-059E1C1A02D8}"
EndProject
Global
	GlobalSection(SolutionConfigurationPlatforms) = preSolution
		Debug|x64 = Debug|x64
		Debug|x86 = Debug|x86
		OpenGLConfiguration|x64 = OpenGLConfiguration|x64
		OpenGLConfiguration|x86 = OpenGLConfiguration|x86
		OpenGLProject|x64 = OpenGLProject|x64
		OpenGLProject|x86 = OpenGLProject|x86
		Release|x64 = Release|x64
		Release|x86 = Release|x86
	EndGlobalSection
	GlobalSection(ProjectConfigurationPlatforms) = postSolution
		{97B1BF37-ABFA-4EE2-B639-059E1C1A02D8}.Debug|x64.ActiveCfg = Debug|x64
		{97B1BF37-ABFA-4EE2-B639-059E1C1A02D8}.Debug|x64.Build.0 = Debug|x64
		{97B1BF37-ABFA-4EE2-B639-059E1C1A02D8}.Debug|x86.ActiveCfg = Debug|Win32
		{97B1BF37-ABFA-4EE2-B639-059E1C1A02D8}.Debug|x86.Build.0 = Debug|Win32
		{97B1BF37-ABFA-4EE2-B639-059E1C1A02D8}.OpenGLConfiguration|x64.ActiveCfg = OpenGLConfiguration|x64
		{97B1BF37-ABFA-4EE2-B639-059E1C1A02D8}.OpenGLConfiguration|x64.Build.0 = OpenGLConfiguration|x64
		{97B1BF37-ABFA-4EE2-B639-059E1C1A02D8}.OpenGLConfiguration|x86.ActiveCfg = OpenGLConfiguration|Win32
		{97B1BF37-ABFA-4EE2-B639-059E1C1A02D8}.OpenGLConfiguration|x86.Build.0 = OpenGLConfiguration|Win32
		{97B1BF37-ABFA-4EE2-B639-059E1C1A02D8}.OpenGLProject|x64.ActiveCfg = OpenGLProject|x64
		{97B1BF37-ABFA-4EE2-B639-059E1C1A02D8}.OpenGLProject|x64.Build.0 = OpenGLProject|x64
		{97B1BF37-ABFA-4EE2-B639-059E1C1A02D8}.OpenGLProject|x86.ActiveCfg = OpenGLProject|Win32
		{97B1BF37-ABFA-4EE2-B639-059E1C1A02D8}.OpenGLProject|x86.Build.0 = OpenGLProject|Win32
		{97B1BF37-ABFA-4EE2-B639-059E1C1A02D8}.Release|x64.ActiveCfg = Release|x64
		{97B1BF37-ABFA-4EE2-B639-059E1C1A02D8}.Release|x64.Build.0 = Release|x64
		{97B1BF37-ABFA-4EE2-B639-059E1C1A02D8}.Release|x86.ActiveCfg = Release|Win32
		{97B1BF37-ABFA-4EE2-B639-059E1C1A02D8}.Release|x86.Build.0 = Release|Win32
	EndGlobalSection
	GlobalSection(SolutionProperties) = preSolution
		HideSolutionNode = FALSE
	EndGlobalSection
	GlobalSection(ExtensibilityGlobals) = postSolution
		SolutionGuid = {5D9374DE-FC85-4548-B459-9D08B7E989BE}
	EndGlobalSection
EndGlobal
